// !$*UTF8*$!
{
	archiveVersion = 1;
	classes = {
	};
	objectVersion = 56;
	objects = {

/* Begin PBXBuildFile section */
		6F1773BC2BF3C15F00CA8A63 /* TabBar.swift in Sources */ = {isa = PBXBuildFile; fileRef = 6F1773BB2BF3C15F00CA8A63 /* TabBar.swift */; };
		6F4DC4032BFBF9A50061B523 /* Carrossel.swift in Sources */ = {isa = PBXBuildFile; fileRef = 6F4DC4022BFBF9A50061B523 /* Carrossel.swift */; };
		6F79CAF72BF203810038090E /* Achievements.swift in Sources */ = {isa = PBXBuildFile; fileRef = 6F79CAF62BF203810038090E /* Achievements.swift */; };
		6F79CAF92BF203AD0038090E /* Ranking.swift in Sources */ = {isa = PBXBuildFile; fileRef = 6F79CAF82BF203AD0038090E /* Ranking.swift */; };
		6F79CAFB2BF203C60038090E /* Me.swift in Sources */ = {isa = PBXBuildFile; fileRef = 6F79CAFA2BF203C60038090E /* Me.swift */; };
		6F79CAFF2BF2827D0038090E /* FilterView.swift in Sources */ = {isa = PBXBuildFile; fileRef = 6F79CAFE2BF2827D0038090E /* FilterView.swift */; };
		6F97206B2BFBB4A4003A9578 /* PontoTuristico.swift in Sources */ = {isa = PBXBuildFile; fileRef = 6F9720692BFBB4A4003A9578 /* PontoTuristico.swift */; };
		6F97206C2BFBB4A4003A9578 /* PostosTuristicos.swift in Sources */ = {isa = PBXBuildFile; fileRef = 6F97206A2BFBB4A4003A9578 /* PostosTuristicos.swift */; };
		CFEC5C1A2BEE5337004FCA4C /* Turismo_ManausApp.swift in Sources */ = {isa = PBXBuildFile; fileRef = CFEC5C192BEE5337004FCA4C /* Turismo_ManausApp.swift */; };
		CFEC5C1C2BEE5337004FCA4C /* Home.swift in Sources */ = {isa = PBXBuildFile; fileRef = CFEC5C1B2BEE5337004FCA4C /* Home.swift */; };
		CFEC5C1E2BEE5338004FCA4C /* Assets.xcassets in Resources */ = {isa = PBXBuildFile; fileRef = CFEC5C1D2BEE5338004FCA4C /* Assets.xcassets */; };
		CFEC5C212BEE5338004FCA4C /* Preview Assets.xcassets in Resources */ = {isa = PBXBuildFile; fileRef = CFEC5C202BEE5338004FCA4C /* Preview Assets.xcassets */; };
		CFF78F112BF25D5A00B9D55A /* art.scnassets in Resources */ = {isa = PBXBuildFile; fileRef = CFF78F102BF25D5A00B9D55A /* art.scnassets */; };
		D36259D02BF68DEE008A2ADD /* Persistence.swift in Sources */ = {isa = PBXBuildFile; fileRef = D36259CF2BF68DEE008A2ADD /* Persistence.swift */; };
		D3AD233A2BFC3FAC00EDEF3C /* LocationViewModel.swift in Sources */ = {isa = PBXBuildFile; fileRef = D3AD23392BFC3FAC00EDEF3C /* LocationViewModel.swift */; };
		D3BA33B62BF68213000903C7 /* PontosDataModel.xcdatamodeld in Sources */ = {isa = PBXBuildFile; fileRef = D3BA33B42BF68213000903C7 /* PontosDataModel.xcdatamodeld */; };
		D3E2FB702BFB48910004D211 /* LocationManager.swift in Sources */ = {isa = PBXBuildFile; fileRef = D3E2FB6F2BFB48910004D211 /* LocationManager.swift */; };
/* End PBXBuildFile section */

/* Begin PBXFileReference section */
		6F1773BB2BF3C15F00CA8A63 /* TabBar.swift */ = {isa = PBXFileReference; lastKnownFileType = sourcecode.swift; path = TabBar.swift; sourceTree = "<group>"; };
		6F4DC4022BFBF9A50061B523 /* Carrossel.swift */ = {isa = PBXFileReference; lastKnownFileType = sourcecode.swift; path = Carrossel.swift; sourceTree = "<group>"; };
		6F79CAF62BF203810038090E /* Achievements.swift */ = {isa = PBXFileReference; lastKnownFileType = sourcecode.swift; path = Achievements.swift; sourceTree = "<group>"; };
		6F79CAF82BF203AD0038090E /* Ranking.swift */ = {isa = PBXFileReference; lastKnownFileType = sourcecode.swift; path = Ranking.swift; sourceTree = "<group>"; };
		6F79CAFA2BF203C60038090E /* Me.swift */ = {isa = PBXFileReference; lastKnownFileType = sourcecode.swift; path = Me.swift; sourceTree = "<group>"; };
		6F79CAFE2BF2827D0038090E /* FilterView.swift */ = {isa = PBXFileReference; lastKnownFileType = sourcecode.swift; path = FilterView.swift; sourceTree = "<group>"; };
		6F9720692BFBB4A4003A9578 /* PontoTuristico.swift */ = {isa = PBXFileReference; fileEncoding = 4; lastKnownFileType = sourcecode.swift; path = PontoTuristico.swift; sourceTree = "<group>"; };
		6F97206A2BFBB4A4003A9578 /* PostosTuristicos.swift */ = {isa = PBXFileReference; fileEncoding = 4; lastKnownFileType = sourcecode.swift; path = PostosTuristicos.swift; sourceTree = "<group>"; };
		CFEC5C162BEE5337004FCA4C /* Turismo_Manaus.app */ = {isa = PBXFileReference; explicitFileType = wrapper.application; includeInIndex = 0; path = Turismo_Manaus.app; sourceTree = BUILT_PRODUCTS_DIR; };
		CFEC5C192BEE5337004FCA4C /* Turismo_ManausApp.swift */ = {isa = PBXFileReference; lastKnownFileType = sourcecode.swift; path = Turismo_ManausApp.swift; sourceTree = "<group>"; };
		CFEC5C1B2BEE5337004FCA4C /* Home.swift */ = {isa = PBXFileReference; lastKnownFileType = sourcecode.swift; path = Home.swift; sourceTree = "<group>"; };
		CFEC5C1D2BEE5338004FCA4C /* Assets.xcassets */ = {isa = PBXFileReference; lastKnownFileType = folder.assetcatalog; path = Assets.xcassets; sourceTree = "<group>"; };
		CFEC5C202BEE5338004FCA4C /* Preview Assets.xcassets */ = {isa = PBXFileReference; lastKnownFileType = folder.assetcatalog; path = "Preview Assets.xcassets"; sourceTree = "<group>"; };
		CFF78F102BF25D5A00B9D55A /* art.scnassets */ = {isa = PBXFileReference; lastKnownFileType = wrapper.scnassets; path = art.scnassets; sourceTree = "<group>"; };
		D339403F2BF3D1B600A26AAB /* Turismo_ManausDebug.entitlements */ = {isa = PBXFileReference; lastKnownFileType = text.plist.entitlements; path = Turismo_ManausDebug.entitlements; sourceTree = "<group>"; };
		D36259CF2BF68DEE008A2ADD /* Persistence.swift */ = {isa = PBXFileReference; lastKnownFileType = sourcecode.swift; path = Persistence.swift; sourceTree = "<group>"; };
		D36259D12BF6FB14008A2ADD /* Turismo_Manaus.entitlements */ = {isa = PBXFileReference; lastKnownFileType = text.plist.entitlements; path = Turismo_Manaus.entitlements; sourceTree = "<group>"; };
		D36259D22BF6FB90008A2ADD /* Turismo-Manaus-Info.plist */ = {isa = PBXFileReference; lastKnownFileType = text.plist; path = "Turismo-Manaus-Info.plist"; sourceTree = SOURCE_ROOT; };
		D3AD23392BFC3FAC00EDEF3C /* LocationViewModel.swift */ = {isa = PBXFileReference; lastKnownFileType = sourcecode.swift; path = LocationViewModel.swift; sourceTree = "<group>"; };
		D3BA33B52BF68213000903C7 /* PontosDataModel.xcdatamodel */ = {isa = PBXFileReference; lastKnownFileType = wrapper.xcdatamodel; path = PontosDataModel.xcdatamodel; sourceTree = "<group>"; };
		D3E2FB6F2BFB48910004D211 /* LocationManager.swift */ = {isa = PBXFileReference; lastKnownFileType = sourcecode.swift; path = LocationManager.swift; sourceTree = "<group>"; };
/* End PBXFileReference section */

/* Begin PBXFrameworksBuildPhase section */
		CFEC5C132BEE5337004FCA4C /* Frameworks */ = {
			isa = PBXFrameworksBuildPhase;
			buildActionMask = 2147483647;
			files = (
			);
			runOnlyForDeploymentPostprocessing = 0;
		};
/* End PBXFrameworksBuildPhase section */

/* Begin PBXGroup section */
		6F0E80E42BEE897F00D2A8F5 /* Views */ = {
			isa = PBXGroup;
			children = (
				CFEC5C1B2BEE5337004FCA4C /* Home.swift */,
				6F79CAF62BF203810038090E /* Achievements.swift */,
				6F79CAF82BF203AD0038090E /* Ranking.swift */,
				6F79CAFA2BF203C60038090E /* Me.swift */,
				6F79CAFE2BF2827D0038090E /* FilterView.swift */,
				6F1773BB2BF3C15F00CA8A63 /* TabBar.swift */,
				6F4DC4022BFBF9A50061B523 /* Carrossel.swift */,
			);
			path = Views;
			sourceTree = "<group>";
		};
		6F0E80E52BEE899000D2A8F5 /* Models */ = {
			isa = PBXGroup;
			children = (
				6F9720692BFBB4A4003A9578 /* PontoTuristico.swift */,
				6F97206A2BFBB4A4003A9578 /* PostosTuristicos.swift */,
				D3BA33B42BF68213000903C7 /* PontosDataModel.xcdatamodeld */,
				D36259CF2BF68DEE008A2ADD /* Persistence.swift */,
				D3AD23392BFC3FAC00EDEF3C /* LocationViewModel.swift */,
			);
			path = Models;
			sourceTree = "<group>";
		};
		6F0E80E62BEE899800D2A8F5 /* Config */ = {
			isa = PBXGroup;
			children = (
				CFEC5C192BEE5337004FCA4C /* Turismo_ManausApp.swift */,
			);
			path = Config;
			sourceTree = "<group>";
		};
		CFEC5C0D2BEE5337004FCA4C = {
			isa = PBXGroup;
			children = (
				CFEC5C182BEE5337004FCA4C /* Turismo_Manaus */,
				CFEC5C172BEE5337004FCA4C /* Products */,
			);
			sourceTree = "<group>";
		};
		CFEC5C172BEE5337004FCA4C /* Products */ = {
			isa = PBXGroup;
			children = (
				CFEC5C162BEE5337004FCA4C /* Turismo_Manaus.app */,
			);
			name = Products;
			sourceTree = "<group>";
		};
		CFEC5C182BEE5337004FCA4C /* Turismo_Manaus */ = {
			isa = PBXGroup;
			children = (
				D3E2FB6E2BFB487B0004D211 /* Managers */,
				D36259D22BF6FB90008A2ADD /* Turismo-Manaus-Info.plist */,
				D36259D12BF6FB14008A2ADD /* Turismo_Manaus.entitlements */,
				D339403F2BF3D1B600A26AAB /* Turismo_ManausDebug.entitlements */,
				6F0E80E62BEE899800D2A8F5 /* Config */,
				6F0E80E52BEE899000D2A8F5 /* Models */,
				6F0E80E42BEE897F00D2A8F5 /* Views */,
				CFEC5C1D2BEE5338004FCA4C /* Assets.xcassets */,
				CFF78F102BF25D5A00B9D55A /* art.scnassets */,
				CFEC5C1F2BEE5338004FCA4C /* Preview Content */,
			);
			path = Turismo_Manaus;
			sourceTree = "<group>";
		};
		CFEC5C1F2BEE5338004FCA4C /* Preview Content */ = {
			isa = PBXGroup;
			children = (
				CFEC5C202BEE5338004FCA4C /* Preview Assets.xcassets */,
			);
			path = "Preview Content";
			sourceTree = "<group>";
		};
		D3E2FB6E2BFB487B0004D211 /* Managers */ = {
			isa = PBXGroup;
			children = (
				D3E2FB6F2BFB48910004D211 /* LocationManager.swift */,
			);
			path = Managers;
			sourceTree = "<group>";
		};
/* End PBXGroup section */

/* Begin PBXNativeTarget section */
		CFEC5C152BEE5337004FCA4C /* Turismo_Manaus */ = {
			isa = PBXNativeTarget;
			buildConfigurationList = CFEC5C242BEE5338004FCA4C /* Build configuration list for PBXNativeTarget "Turismo_Manaus" */;
			buildPhases = (
				CFEC5C122BEE5337004FCA4C /* Sources */,
				CFEC5C132BEE5337004FCA4C /* Frameworks */,
				CFEC5C142BEE5337004FCA4C /* Resources */,
			);
			buildRules = (
			);
			dependencies = (
			);
			name = Turismo_Manaus;
			productName = Turismo_Manaus;
			productReference = CFEC5C162BEE5337004FCA4C /* Turismo_Manaus.app */;
			productType = "com.apple.product-type.application";
		};
/* End PBXNativeTarget section */

/* Begin PBXProject section */
		CFEC5C0E2BEE5337004FCA4C /* Project object */ = {
			isa = PBXProject;
			attributes = {
				BuildIndependentTargetsInParallel = 1;
				LastSwiftUpdateCheck = 1520;
				LastUpgradeCheck = 1520;
				TargetAttributes = {
					CFEC5C152BEE5337004FCA4C = {
						CreatedOnToolsVersion = 15.2;
					};
				};
			};
			buildConfigurationList = CFEC5C112BEE5337004FCA4C /* Build configuration list for PBXProject "Turismo_Manaus" */;
			compatibilityVersion = "Xcode 14.0";
			developmentRegion = en;
			hasScannedForEncodings = 0;
			knownRegions = (
				en,
				Base,
			);
			mainGroup = CFEC5C0D2BEE5337004FCA4C;
			productRefGroup = CFEC5C172BEE5337004FCA4C /* Products */;
			projectDirPath = "";
			projectRoot = "";
			targets = (
				CFEC5C152BEE5337004FCA4C /* Turismo_Manaus */,
			);
		};
/* End PBXProject section */

/* Begin PBXResourcesBuildPhase section */
		CFEC5C142BEE5337004FCA4C /* Resources */ = {
			isa = PBXResourcesBuildPhase;
			buildActionMask = 2147483647;
			files = (
				CFEC5C212BEE5338004FCA4C /* Preview Assets.xcassets in Resources */,
				CFF78F112BF25D5A00B9D55A /* art.scnassets in Resources */,
				CFEC5C1E2BEE5338004FCA4C /* Assets.xcassets in Resources */,
			);
			runOnlyForDeploymentPostprocessing = 0;
		};
/* End PBXResourcesBuildPhase section */

/* Begin PBXSourcesBuildPhase section */
		CFEC5C122BEE5337004FCA4C /* Sources */ = {
			isa = PBXSourcesBuildPhase;
			buildActionMask = 2147483647;
			files = (
				D36259D02BF68DEE008A2ADD /* Persistence.swift in Sources */,
				6F79CAFF2BF2827D0038090E /* FilterView.swift in Sources */,
				D3E2FB702BFB48910004D211 /* LocationManager.swift in Sources */,
				6F79CAF72BF203810038090E /* Achievements.swift in Sources */,
				D3BA33B62BF68213000903C7 /* PontosDataModel.xcdatamodeld in Sources */,
				CFEC5C1C2BEE5337004FCA4C /* Home.swift in Sources */,
				6F79CAF92BF203AD0038090E /* Ranking.swift in Sources */,
				6F97206C2BFBB4A4003A9578 /* PostosTuristicos.swift in Sources */,
				6F79CAFB2BF203C60038090E /* Me.swift in Sources */,
				D3AD233A2BFC3FAC00EDEF3C /* LocationViewModel.swift in Sources */,
				6F97206B2BFBB4A4003A9578 /* PontoTuristico.swift in Sources */,
				CFEC5C1A2BEE5337004FCA4C /* Turismo_ManausApp.swift in Sources */,
				6F1773BC2BF3C15F00CA8A63 /* TabBar.swift in Sources */,
				6F4DC4032BFBF9A50061B523 /* Carrossel.swift in Sources */,
			);
			runOnlyForDeploymentPostprocessing = 0;
		};
/* End PBXSourcesBuildPhase section */

/* Begin XCBuildConfiguration section */
		CFEC5C222BEE5338004FCA4C /* Debug */ = {
			isa = XCBuildConfiguration;
			buildSettings = {
				ALWAYS_SEARCH_USER_PATHS = NO;
				ASSETCATALOG_COMPILER_GENERATE_SWIFT_ASSET_SYMBOL_EXTENSIONS = YES;
				CLANG_ANALYZER_NONNULL = YES;
				CLANG_ANALYZER_NUMBER_OBJECT_CONVERSION = YES_AGGRESSIVE;
				CLANG_CXX_LANGUAGE_STANDARD = "gnu++20";
				CLANG_ENABLE_MODULES = YES;
				CLANG_ENABLE_OBJC_ARC = YES;
				CLANG_ENABLE_OBJC_WEAK = YES;
				CLANG_WARN_BLOCK_CAPTURE_AUTORELEASING = YES;
				CLANG_WARN_BOOL_CONVERSION = YES;
				CLANG_WARN_COMMA = YES;
				CLANG_WARN_CONSTANT_CONVERSION = YES;
				CLANG_WARN_DEPRECATED_OBJC_IMPLEMENTATIONS = YES;
				CLANG_WARN_DIRECT_OBJC_ISA_USAGE = YES_ERROR;
				CLANG_WARN_DOCUMENTATION_COMMENTS = YES;
				CLANG_WARN_EMPTY_BODY = YES;
				CLANG_WARN_ENUM_CONVERSION = YES;
				CLANG_WARN_INFINITE_RECURSION = YES;
				CLANG_WARN_INT_CONVERSION = YES;
				CLANG_WARN_NON_LITERAL_NULL_CONVERSION = YES;
				CLANG_WARN_OBJC_IMPLICIT_RETAIN_SELF = YES;
				CLANG_WARN_OBJC_LITERAL_CONVERSION = YES;
				CLANG_WARN_OBJC_ROOT_CLASS = YES_ERROR;
				CLANG_WARN_QUOTED_INCLUDE_IN_FRAMEWORK_HEADER = YES;
				CLANG_WARN_RANGE_LOOP_ANALYSIS = YES;
				CLANG_WARN_STRICT_PROTOTYPES = YES;
				CLANG_WARN_SUSPICIOUS_MOVE = YES;
				CLANG_WARN_UNGUARDED_AVAILABILITY = YES_AGGRESSIVE;
				CLANG_WARN_UNREACHABLE_CODE = YES;
				CLANG_WARN__DUPLICATE_METHOD_MATCH = YES;
				COPY_PHASE_STRIP = NO;
				DEBUG_INFORMATION_FORMAT = dwarf;
				ENABLE_STRICT_OBJC_MSGSEND = YES;
				ENABLE_TESTABILITY = YES;
				ENABLE_USER_SCRIPT_SANDBOXING = YES;
				GCC_C_LANGUAGE_STANDARD = gnu17;
				GCC_DYNAMIC_NO_PIC = NO;
				GCC_NO_COMMON_BLOCKS = YES;
				GCC_OPTIMIZATION_LEVEL = 0;
				GCC_PREPROCESSOR_DEFINITIONS = (
					"DEBUG=1",
					"$(inherited)",
				);
				GCC_WARN_64_TO_32_BIT_CONVERSION = YES;
				GCC_WARN_ABOUT_RETURN_TYPE = YES_ERROR;
				GCC_WARN_UNDECLARED_SELECTOR = YES;
				GCC_WARN_UNINITIALIZED_AUTOS = YES_AGGRESSIVE;
				GCC_WARN_UNUSED_FUNCTION = YES;
				GCC_WARN_UNUSED_VARIABLE = YES;
				IPHONEOS_DEPLOYMENT_TARGET = 17.2;
				LOCALIZATION_PREFERS_STRING_CATALOGS = YES;
				MTL_ENABLE_DEBUG_INFO = INCLUDE_SOURCE;
				MTL_FAST_MATH = YES;
				ONLY_ACTIVE_ARCH = YES;
				SDKROOT = iphoneos;
				SWIFT_ACTIVE_COMPILATION_CONDITIONS = "DEBUG $(inherited)";
				SWIFT_OPTIMIZATION_LEVEL = "-Onone";
			};
			name = Debug;
		};
		CFEC5C232BEE5338004FCA4C /* Release */ = {
			isa = XCBuildConfiguration;
			buildSettings = {
				ALWAYS_SEARCH_USER_PATHS = NO;
				ASSETCATALOG_COMPILER_GENERATE_SWIFT_ASSET_SYMBOL_EXTENSIONS = YES;
				CLANG_ANALYZER_NONNULL = YES;
				CLANG_ANALYZER_NUMBER_OBJECT_CONVERSION = YES_AGGRESSIVE;
				CLANG_CXX_LANGUAGE_STANDARD = "gnu++20";
				CLANG_ENABLE_MODULES = YES;
				CLANG_ENABLE_OBJC_ARC = YES;
				CLANG_ENABLE_OBJC_WEAK = YES;
				CLANG_WARN_BLOCK_CAPTURE_AUTORELEASING = YES;
				CLANG_WARN_BOOL_CONVERSION = YES;
				CLANG_WARN_COMMA = YES;
				CLANG_WARN_CONSTANT_CONVERSION = YES;
				CLANG_WARN_DEPRECATED_OBJC_IMPLEMENTATIONS = YES;
				CLANG_WARN_DIRECT_OBJC_ISA_USAGE = YES_ERROR;
				CLANG_WARN_DOCUMENTATION_COMMENTS = YES;
				CLANG_WARN_EMPTY_BODY = YES;
				CLANG_WARN_ENUM_CONVERSION = YES;
				CLANG_WARN_INFINITE_RECURSION = YES;
				CLANG_WARN_INT_CONVERSION = YES;
				CLANG_WARN_NON_LITERAL_NULL_CONVERSION = YES;
				CLANG_WARN_OBJC_IMPLICIT_RETAIN_SELF = YES;
				CLANG_WARN_OBJC_LITERAL_CONVERSION = YES;
				CLANG_WARN_OBJC_ROOT_CLASS = YES_ERROR;
				CLANG_WARN_QUOTED_INCLUDE_IN_FRAMEWORK_HEADER = YES;
				CLANG_WARN_RANGE_LOOP_ANALYSIS = YES;
				CLANG_WARN_STRICT_PROTOTYPES = YES;
				CLANG_WARN_SUSPICIOUS_MOVE = YES;
				CLANG_WARN_UNGUARDED_AVAILABILITY = YES_AGGRESSIVE;
				CLANG_WARN_UNREACHABLE_CODE = YES;
				CLANG_WARN__DUPLICATE_METHOD_MATCH = YES;
				COPY_PHASE_STRIP = NO;
				DEBUG_INFORMATION_FORMAT = "dwarf-with-dsym";
				ENABLE_NS_ASSERTIONS = NO;
				ENABLE_STRICT_OBJC_MSGSEND = YES;
				ENABLE_USER_SCRIPT_SANDBOXING = YES;
				GCC_C_LANGUAGE_STANDARD = gnu17;
				GCC_NO_COMMON_BLOCKS = YES;
				GCC_WARN_64_TO_32_BIT_CONVERSION = YES;
				GCC_WARN_ABOUT_RETURN_TYPE = YES_ERROR;
				GCC_WARN_UNDECLARED_SELECTOR = YES;
				GCC_WARN_UNINITIALIZED_AUTOS = YES_AGGRESSIVE;
				GCC_WARN_UNUSED_FUNCTION = YES;
				GCC_WARN_UNUSED_VARIABLE = YES;
				IPHONEOS_DEPLOYMENT_TARGET = 17.2;
				LOCALIZATION_PREFERS_STRING_CATALOGS = YES;
				MTL_ENABLE_DEBUG_INFO = NO;
				MTL_FAST_MATH = YES;
				SDKROOT = iphoneos;
				SWIFT_COMPILATION_MODE = wholemodule;
				VALIDATE_PRODUCT = YES;
			};
			name = Release;
		};
		CFEC5C252BEE5338004FCA4C /* Debug */ = {
			isa = XCBuildConfiguration;
			buildSettings = {
				ASSETCATALOG_COMPILER_APPICON_NAME = AppIcon;
				ASSETCATALOG_COMPILER_GLOBAL_ACCENT_COLOR_NAME = AccentColor;
				CODE_SIGN_ENTITLEMENTS = Turismo_Manaus/Turismo_ManausDebug.entitlements;
				CODE_SIGN_STYLE = Automatic;
				CURRENT_PROJECT_VERSION = 1;
				DEVELOPMENT_ASSET_PATHS = "\"Turismo_Manaus/Preview Content\"";
				DEVELOPMENT_TEAM = 9F6L7TWMC3;
				ENABLE_PREVIEWS = YES;
				GENERATE_INFOPLIST_FILE = YES;
				INFOPLIST_FILE = "Turismo-Manaus-Info.plist";
				INFOPLIST_KEY_NSLocationWhenInUseUsageDescription = "Autorize para validarmos suas idas aos locais!";
				INFOPLIST_KEY_UIApplicationSceneManifest_Generation = YES;
				INFOPLIST_KEY_UIApplicationSupportsIndirectInputEvents = YES;
				INFOPLIST_KEY_UILaunchScreen_Generation = YES;
				INFOPLIST_KEY_UISupportedInterfaceOrientations_iPad = "UIInterfaceOrientationPortrait UIInterfaceOrientationPortraitUpsideDown UIInterfaceOrientationLandscapeLeft UIInterfaceOrientationLandscapeRight";
				INFOPLIST_KEY_UISupportedInterfaceOrientations_iPhone = "UIInterfaceOrientationPortrait UIInterfaceOrientationLandscapeLeft UIInterfaceOrientationLandscapeRight";
				LD_RUNPATH_SEARCH_PATHS = (
					"$(inherited)",
					"@executable_path/Frameworks",
				);
				MARKETING_VERSION = 1.0;
				PRODUCT_BUNDLE_IDENTIFIER = "mooncat.Turismo-Manaus";
				PRODUCT_NAME = "$(TARGET_NAME)";
				SUPPORTED_PLATFORMS = "iphoneos iphonesimulator";
				SUPPORTS_MACCATALYST = NO;
				SUPPORTS_MAC_DESIGNED_FOR_IPHONE_IPAD = NO;
				SUPPORTS_XR_DESIGNED_FOR_IPHONE_IPAD = NO;
				SWIFT_EMIT_LOC_STRINGS = YES;
				SWIFT_VERSION = 5.0;
				TARGETED_DEVICE_FAMILY = "1,2";
			};
			name = Debug;
		};
		CFEC5C262BEE5338004FCA4C /* Release */ = {
			isa = XCBuildConfiguration;
			buildSettings = {
				ASSETCATALOG_COMPILER_APPICON_NAME = AppIcon;
				ASSETCATALOG_COMPILER_GLOBAL_ACCENT_COLOR_NAME = AccentColor;
				CODE_SIGN_ENTITLEMENTS = Turismo_Manaus/Turismo_Manaus.entitlements;
				CODE_SIGN_STYLE = Automatic;
				CURRENT_PROJECT_VERSION = 1;
				DEVELOPMENT_ASSET_PATHS = "\"Turismo_Manaus/Preview Content\"";
				DEVELOPMENT_TEAM = 9F6L7TWMC3;
				ENABLE_PREVIEWS = YES;
				GENERATE_INFOPLIST_FILE = YES;
				INFOPLIST_FILE = "Turismo-Manaus-Info.plist";
				INFOPLIST_KEY_NSLocationWhenInUseUsageDescription = "Autorize para validarmos suas idas aos locais!";
				INFOPLIST_KEY_UIApplicationSceneManifest_Generation = YES;
				INFOPLIST_KEY_UIApplicationSupportsIndirectInputEvents = YES;
				INFOPLIST_KEY_UILaunchScreen_Generation = YES;
				INFOPLIST_KEY_UISupportedInterfaceOrientations_iPad = "UIInterfaceOrientationPortrait UIInterfaceOrientationPortraitUpsideDown UIInterfaceOrientationLandscapeLeft UIInterfaceOrientationLandscapeRight";
				INFOPLIST_KEY_UISupportedInterfaceOrientations_iPhone = "UIInterfaceOrientationPortrait UIInterfaceOrientationLandscapeLeft UIInterfaceOrientationLandscapeRight";
				LD_RUNPATH_SEARCH_PATHS = (
					"$(inherited)",
					"@executable_path/Frameworks",
				);
				MARKETING_VERSION = 1.0;
				PRODUCT_BUNDLE_IDENTIFIER = "mooncat.Turismo-Manaus";
				PRODUCT_NAME = "$(TARGET_NAME)";
				SUPPORTED_PLATFORMS = "iphoneos iphonesimulator";
				SUPPORTS_MACCATALYST = NO;
				SUPPORTS_MAC_DESIGNED_FOR_IPHONE_IPAD = NO;
				SUPPORTS_XR_DESIGNED_FOR_IPHONE_IPAD = NO;
				SWIFT_EMIT_LOC_STRINGS = YES;
				SWIFT_VERSION = 5.0;
				TARGETED_DEVICE_FAMILY = "1,2";
			};
			name = Release;
		};
/* End XCBuildConfiguration section */

/* Begin XCConfigurationList section */
		CFEC5C112BEE5337004FCA4C /* Build configuration list for PBXProject "Turismo_Manaus" */ = {
			isa = XCConfigurationList;
			buildConfigurations = (
				CFEC5C222BEE5338004FCA4C /* Debug */,
				CFEC5C232BEE5338004FCA4C /* Release */,
			);
			defaultConfigurationIsVisible = 0;
			defaultConfigurationName = Release;
		};
		CFEC5C242BEE5338004FCA4C /* Build configuration list for PBXNativeTarget "Turismo_Manaus" */ = {
			isa = XCConfigurationList;
			buildConfigurations = (
				CFEC5C252BEE5338004FCA4C /* Debug */,
				CFEC5C262BEE5338004FCA4C /* Release */,
			);
			defaultConfigurationIsVisible = 0;
			defaultConfigurationName = Release;
		};
/* End XCConfigurationList section */

/* Begin XCVersionGroup section */
		D3BA33B42BF68213000903C7 /* PontosDataModel.xcdatamodeld */ = {
			isa = XCVersionGroup;
			children = (
				D3BA33B52BF68213000903C7 /* PontosDataModel.xcdatamodel */,
			);
			currentVersion = D3BA33B52BF68213000903C7 /* PontosDataModel.xcdatamodel */;
			path = PontosDataModel.xcdatamodeld;
			sourceTree = "<group>";
			versionGroupType = wrapper.xcdatamodel;
		};
/* End XCVersionGroup section */
	};
	rootObject = CFEC5C0E2BEE5337004FCA4C /* Project object */;
}
