// !$*UTF8*$!
{
	archiveVersion = 1;
	classes = {
	};
	objectVersion = 56;
	objects = {

/* Begin PBXBuildFile section */
		6F1773BC2BF3C15F00CA8A63 /* TabBar.swift in Sources */ = {isa = PBXBuildFile; fileRef = 6F1773BB2BF3C15F00CA8A63 /* TabBar.swift */; };
		6F4DC4032BFBF9A50061B523 /* Carrossel.swift in Sources */ = {isa = PBXBuildFile; fileRef = 6F4DC4022BFBF9A50061B523 /* Carrossel.swift */; };
		6F79CAFF2BF2827D0038090E /* FilterView.swift in Sources */ = {isa = PBXBuildFile; fileRef = 6F79CAFE2BF2827D0038090E /* FilterView.swift */; };
		6F97206B2BFBB4A4003A9578 /* PontoTuristico.swift in Sources */ = {isa = PBXBuildFile; fileRef = 6F9720692BFBB4A4003A9578 /* PontoTuristico.swift */; };
		6F97206C2BFBB4A4003A9578 /* Categories.swift in Sources */ = {isa = PBXBuildFile; fileRef = 6F97206A2BFBB4A4003A9578 /* Categories.swift */; };
		6FB51FB92C048F7500BBCD52 /* UI.swift in Sources */ = {isa = PBXBuildFile; fileRef = 6FB51FB82C048F7500BBCD52 /* UI.swift */; };
		6FB51FBB2C048FA400BBCD52 /* LoadingView.swift in Sources */ = {isa = PBXBuildFile; fileRef = 6FB51FBA2C048FA400BBCD52 /* LoadingView.swift */; };
		6FD4C0352E35094A00DCC0D0 /* PostosTuristicos.swift in Sources */ = {isa = PBXBuildFile; fileRef = 6FD4C0342E35094A00DCC0D0 /* PostosTuristicos.swift */; };
		6FD4C03C2E3528C400DCC0D0 /* Distances.swift in Sources */ = {isa = PBXBuildFile; fileRef = 6FD4C03B2E3528C400DCC0D0 /* Distances.swift */; };
		6FD4C03E2E3528C600DCC0D0 /* Hours.swift in Sources */ = {isa = PBXBuildFile; fileRef = 6FD4C03D2E3528C600DCC0D0 /* Hours.swift */; };
		6FD4C0402E3528C700DCC0D0 /* Prices.swift in Sources */ = {isa = PBXBuildFile; fileRef = 6FD4C03F2E3528C700DCC0D0 /* Prices.swift */; };
		6FD4C0432E352CBE00DCC0D0 /* CardPointSelected.swift in Sources */ = {isa = PBXBuildFile; fileRef = 6FD4C0422E352CB600DCC0D0 /* CardPointSelected.swift */; };
		6FD4C0452E352CD300DCC0D0 /* CardPoint.swift in Sources */ = {isa = PBXBuildFile; fileRef = 6FD4C0442E352CD300DCC0D0 /* CardPoint.swift */; };
		6FD4C0472E352D0700DCC0D0 /* GradientRectangle.swift in Sources */ = {isa = PBXBuildFile; fileRef = 6FD4C0462E352D0700DCC0D0 /* GradientRectangle.swift */; };
		6FD79BAA2C04DA800014739E /* OnboardingBase.swift in Sources */ = {isa = PBXBuildFile; fileRef = 6FD79BA92C04DA800014739E /* OnboardingBase.swift */; };
		6FE3182D2E4A13E100AF49A6 /* OnboardingPage1.swift in Sources */ = {isa = PBXBuildFile; fileRef = 6FE3182C2E4A13E100AF49A6 /* OnboardingPage1.swift */; };
		6FE3182F2E4A13EE00AF49A6 /* OnboardingPage2.swift in Sources */ = {isa = PBXBuildFile; fileRef = 6FE3182E2E4A13EE00AF49A6 /* OnboardingPage2.swift */; };
		6FE318312E4A13F000AF49A6 /* OnboardingPage3.swift in Sources */ = {isa = PBXBuildFile; fileRef = 6FE318302E4A13F000AF49A6 /* OnboardingPage3.swift */; };
		6FE318342E4A15F200AF49A6 /* OnBoardingViewModel.swift in Sources */ = {isa = PBXBuildFile; fileRef = 6FE318332E4A15ED00AF49A6 /* OnBoardingViewModel.swift */; };
		CFEC5C1A2BEE5337004FCA4C /* Turismo_ManausApp.swift in Sources */ = {isa = PBXBuildFile; fileRef = CFEC5C192BEE5337004FCA4C /* Turismo_ManausApp.swift */; };
		CFEC5C1E2BEE5338004FCA4C /* Assets.xcassets in Resources */ = {isa = PBXBuildFile; fileRef = CFEC5C1D2BEE5338004FCA4C /* Assets.xcassets */; };
		CFEC5C212BEE5338004FCA4C /* Preview Assets.xcassets in Resources */ = {isa = PBXBuildFile; fileRef = CFEC5C202BEE5338004FCA4C /* Preview Assets.xcassets */; };
		D352D8DC2BFF69AC001D617A /* ChallengeCard.swift in Sources */ = {isa = PBXBuildFile; fileRef = D352D8DB2BFF69AC001D617A /* ChallengeCard.swift */; };
		D352D8E02BFF8CB2001D617A /* IdString.swift in Sources */ = {isa = PBXBuildFile; fileRef = D352D8DF2BFF8CB2001D617A /* IdString.swift */; };
		D352D8E22BFFD288001D617A /* HomeWithChallenge.swift in Sources */ = {isa = PBXBuildFile; fileRef = D352D8E12BFFD288001D617A /* HomeWithChallenge.swift */; };
		D352D8E82C00268E001D617A /* MyViewModel.swift in Sources */ = {isa = PBXBuildFile; fileRef = D352D8E72C00268E001D617A /* MyViewModel.swift */; };
		D352D8EA2C0076F8001D617A /* ChallengeDescription.swift in Sources */ = {isa = PBXBuildFile; fileRef = D352D8E92C0076F8001D617A /* ChallengeDescription.swift */; };
		D36259D02BF68DEE008A2ADD /* Persistence.swift in Sources */ = {isa = PBXBuildFile; fileRef = D36259CF2BF68DEE008A2ADD /* Persistence.swift */; };
		D39DBB802C187E79002EAD0B /* Home.swift in Sources */ = {isa = PBXBuildFile; fileRef = D39DBB7F2C187E79002EAD0B /* Home.swift */; };
		D3AD233A2BFC3FAC00EDEF3C /* LocationViewModel.swift in Sources */ = {isa = PBXBuildFile; fileRef = D3AD23392BFC3FAC00EDEF3C /* LocationViewModel.swift */; };
		D3BA33B62BF68213000903C7 /* PontosDataModel.xcdatamodeld in Sources */ = {isa = PBXBuildFile; fileRef = D3BA33B42BF68213000903C7 /* PontosDataModel.xcdatamodeld */; };
		D3E2FB702BFB48910004D211 /* LocationManager.swift in Sources */ = {isa = PBXBuildFile; fileRef = D3E2FB6F2BFB48910004D211 /* LocationManager.swift */; };
/* End PBXBuildFile section */

/* Begin PBXFileReference section */
		6F1773BB2BF3C15F00CA8A63 /* TabBar.swift */ = {isa = PBXFileReference; lastKnownFileType = sourcecode.swift; path = TabBar.swift; sourceTree = "<group>"; };
		6F4DC4022BFBF9A50061B523 /* Carrossel.swift */ = {isa = PBXFileReference; lastKnownFileType = sourcecode.swift; path = Carrossel.swift; sourceTree = "<group>"; };
		6F79CAFE2BF2827D0038090E /* FilterView.swift */ = {isa = PBXFileReference; lastKnownFileType = sourcecode.swift; path = FilterView.swift; sourceTree = "<group>"; };
		6F9720692BFBB4A4003A9578 /* PontoTuristico.swift */ = {isa = PBXFileReference; fileEncoding = 4; lastKnownFileType = sourcecode.swift; path = PontoTuristico.swift; sourceTree = "<group>"; };
		6F97206A2BFBB4A4003A9578 /* Categories.swift */ = {isa = PBXFileReference; fileEncoding = 4; lastKnownFileType = sourcecode.swift; path = Categories.swift; sourceTree = "<group>"; };
		6FB51FB82C048F7500BBCD52 /* UI.swift */ = {isa = PBXFileReference; lastKnownFileType = sourcecode.swift; path = UI.swift; sourceTree = "<group>"; };
		6FB51FBA2C048FA400BBCD52 /* LoadingView.swift */ = {isa = PBXFileReference; lastKnownFileType = sourcecode.swift; path = LoadingView.swift; sourceTree = "<group>"; };
		6FD4C0342E35094A00DCC0D0 /* PostosTuristicos.swift */ = {isa = PBXFileReference; lastKnownFileType = sourcecode.swift; path = PostosTuristicos.swift; sourceTree = "<group>"; };
		6FD4C03B2E3528C400DCC0D0 /* Distances.swift */ = {isa = PBXFileReference; lastKnownFileType = sourcecode.swift; path = Distances.swift; sourceTree = "<group>"; };
		6FD4C03D2E3528C600DCC0D0 /* Hours.swift */ = {isa = PBXFileReference; lastKnownFileType = sourcecode.swift; path = Hours.swift; sourceTree = "<group>"; };
		6FD4C03F2E3528C700DCC0D0 /* Prices.swift */ = {isa = PBXFileReference; lastKnownFileType = sourcecode.swift; path = Prices.swift; sourceTree = "<group>"; };
		6FD4C0422E352CB600DCC0D0 /* CardPointSelected.swift */ = {isa = PBXFileReference; lastKnownFileType = sourcecode.swift; path = CardPointSelected.swift; sourceTree = "<group>"; };
		6FD4C0442E352CD300DCC0D0 /* CardPoint.swift */ = {isa = PBXFileReference; lastKnownFileType = sourcecode.swift; path = CardPoint.swift; sourceTree = "<group>"; };
		6FD4C0462E352D0700DCC0D0 /* GradientRectangle.swift */ = {isa = PBXFileReference; lastKnownFileType = sourcecode.swift; path = GradientRectangle.swift; sourceTree = "<group>"; };
		6FD79BA92C04DA800014739E /* OnboardingBase.swift */ = {isa = PBXFileReference; fileEncoding = 4; lastKnownFileType = sourcecode.swift; path = OnboardingBase.swift; sourceTree = "<group>"; };
		6FE3182C2E4A13E100AF49A6 /* OnboardingPage1.swift */ = {isa = PBXFileReference; lastKnownFileType = sourcecode.swift; path = OnboardingPage1.swift; sourceTree = "<group>"; };
		6FE3182E2E4A13EE00AF49A6 /* OnboardingPage2.swift */ = {isa = PBXFileReference; lastKnownFileType = sourcecode.swift; path = OnboardingPage2.swift; sourceTree = "<group>"; };
		6FE318302E4A13F000AF49A6 /* OnboardingPage3.swift */ = {isa = PBXFileReference; lastKnownFileType = sourcecode.swift; path = OnboardingPage3.swift; sourceTree = "<group>"; };
		6FE318332E4A15ED00AF49A6 /* OnBoardingViewModel.swift */ = {isa = PBXFileReference; lastKnownFileType = sourcecode.swift; path = OnBoardingViewModel.swift; sourceTree = "<group>"; };
		CFEC5C162BEE5337004FCA4C /* Simbora Manaus.app */ = {isa = PBXFileReference; explicitFileType = wrapper.application; includeInIndex = 0; path = "Simbora Manaus.app"; sourceTree = BUILT_PRODUCTS_DIR; };
		CFEC5C192BEE5337004FCA4C /* Turismo_ManausApp.swift */ = {isa = PBXFileReference; lastKnownFileType = sourcecode.swift; path = Turismo_ManausApp.swift; sourceTree = "<group>"; };
		CFEC5C1D2BEE5338004FCA4C /* Assets.xcassets */ = {isa = PBXFileReference; lastKnownFileType = folder.assetcatalog; path = Assets.xcassets; sourceTree = "<group>"; };
		CFEC5C202BEE5338004FCA4C /* Preview Assets.xcassets */ = {isa = PBXFileReference; lastKnownFileType = folder.assetcatalog; path = "Preview Assets.xcassets"; sourceTree = "<group>"; };
		D339403F2BF3D1B600A26AAB /* Turismo_ManausDebug.entitlements */ = {isa = PBXFileReference; lastKnownFileType = text.plist.entitlements; path = Turismo_ManausDebug.entitlements; sourceTree = "<group>"; };
		D352D8DB2BFF69AC001D617A /* ChallengeCard.swift */ = {isa = PBXFileReference; lastKnownFileType = sourcecode.swift; path = ChallengeCard.swift; sourceTree = "<group>"; };
		D352D8DF2BFF8CB2001D617A /* IdString.swift */ = {isa = PBXFileReference; lastKnownFileType = sourcecode.swift; path = IdString.swift; sourceTree = "<group>"; };
		D352D8E12BFFD288001D617A /* HomeWithChallenge.swift */ = {isa = PBXFileReference; lastKnownFileType = sourcecode.swift; path = HomeWithChallenge.swift; sourceTree = "<group>"; };
		D352D8E72C00268E001D617A /* MyViewModel.swift */ = {isa = PBXFileReference; lastKnownFileType = sourcecode.swift; path = MyViewModel.swift; sourceTree = "<group>"; };
		D352D8E92C0076F8001D617A /* ChallengeDescription.swift */ = {isa = PBXFileReference; lastKnownFileType = sourcecode.swift; path = ChallengeDescription.swift; sourceTree = "<group>"; };
		D36259CF2BF68DEE008A2ADD /* Persistence.swift */ = {isa = PBXFileReference; lastKnownFileType = sourcecode.swift; path = Persistence.swift; sourceTree = "<group>"; };
		D36259D12BF6FB14008A2ADD /* Turismo_Manaus.entitlements */ = {isa = PBXFileReference; lastKnownFileType = text.plist.entitlements; path = Turismo_Manaus.entitlements; sourceTree = "<group>"; };
		D36259D22BF6FB90008A2ADD /* Turismo-Manaus-Info.plist */ = {isa = PBXFileReference; lastKnownFileType = text.plist; path = "Turismo-Manaus-Info.plist"; sourceTree = SOURCE_ROOT; };
		D39DBB7F2C187E79002EAD0B /* Home.swift */ = {isa = PBXFileReference; lastKnownFileType = sourcecode.swift; path = Home.swift; sourceTree = "<group>"; };
		D3AD23392BFC3FAC00EDEF3C /* LocationViewModel.swift */ = {isa = PBXFileReference; lastKnownFileType = sourcecode.swift; path = LocationViewModel.swift; sourceTree = "<group>"; };
		D3BA33B52BF68213000903C7 /* PontosDataModel.xcdatamodel */ = {isa = PBXFileReference; lastKnownFileType = wrapper.xcdatamodel; path = PontosDataModel.xcdatamodel; sourceTree = "<group>"; };
		D3E2FB6F2BFB48910004D211 /* LocationManager.swift */ = {isa = PBXFileReference; lastKnownFileType = sourcecode.swift; path = LocationManager.swift; sourceTree = "<group>"; };
/* End PBXFileReference section */

/* Begin PBXFrameworksBuildPhase section */
		CFEC5C132BEE5337004FCA4C /* Frameworks */ = {
			isa = PBXFrameworksBuildPhase;
			buildActionMask = 2147483647;
			files = (
			);
			runOnlyForDeploymentPostprocessing = 0;
		};
/* End PBXFrameworksBuildPhase section */

/* Begin PBXGroup section */
		6F0E80E42BEE897F00D2A8F5 /* Views */ = {
			isa = PBXGroup;
			children = (
				D352D8E12BFFD288001D617A /* HomeWithChallenge.swift */,
				D352D8E92C0076F8001D617A /* ChallengeDescription.swift */,
				6FB51FB82C048F7500BBCD52 /* UI.swift */,
				D39DBB7F2C187E79002EAD0B /* Home.swift */,
			);
			path = Views;
			sourceTree = "<group>";
		};
		6F0E80E52BEE899000D2A8F5 /* Models */ = {
			isa = PBXGroup;
			children = (
				6F9720692BFBB4A4003A9578 /* PontoTuristico.swift */,
				D3BA33B42BF68213000903C7 /* PontosDataModel.xcdatamodeld */,
				D36259CF2BF68DEE008A2ADD /* Persistence.swift */,
				D3AD23392BFC3FAC00EDEF3C /* LocationViewModel.swift */,
				D352D8E72C00268E001D617A /* MyViewModel.swift */,
				D352D8DF2BFF8CB2001D617A /* IdString.swift */,
				6F97206A2BFBB4A4003A9578 /* Categories.swift */,
				6FD4C03F2E3528C700DCC0D0 /* Prices.swift */,
				6FD4C03D2E3528C600DCC0D0 /* Hours.swift */,
				6FD4C03B2E3528C400DCC0D0 /* Distances.swift */,
			);
			path = Models;
			sourceTree = "<group>";
		};
		6F0E80E62BEE899800D2A8F5 /* Config */ = {
			isa = PBXGroup;
			children = (
				CFEC5C192BEE5337004FCA4C /* Turismo_ManausApp.swift */,
			);
			path = Config;
			sourceTree = "<group>";
		};
		6FD4C0332E35092200DCC0D0 /* Data */ = {
			isa = PBXGroup;
			children = (
				6FD4C0342E35094A00DCC0D0 /* PostosTuristicos.swift */,
			);
			path = Data;
			sourceTree = "<group>";
		};
		6FD4C0412E352CB100DCC0D0 /* Carrossel */ = {
			isa = PBXGroup;
			children = (
				6FD4C0422E352CB600DCC0D0 /* CardPointSelected.swift */,
				6FD4C0442E352CD300DCC0D0 /* CardPoint.swift */,
				6FD4C0462E352D0700DCC0D0 /* GradientRectangle.swift */,
				6F4DC4022BFBF9A50061B523 /* Carrossel.swift */,
			);
			path = Carrossel;
			sourceTree = "<group>";
		};
		6FE318272E4A13AB00AF49A6 /* Presentation */ = {
			isa = PBXGroup;
			children = (
				6FE318352E4A181C00AF49A6 /* Components */,
				6FE318282E4A13B500AF49A6 /* OnBording */,
				6F0E80E42BEE897F00D2A8F5 /* Views */,
			);
			path = Presentation;
			sourceTree = "<group>";
		};
		6FE318282E4A13B500AF49A6 /* OnBording */ = {
			isa = PBXGroup;
			children = (
				6FE318322E4A14AE00AF49A6 /* OnBoardingViewModel */,
				6FE3182B2E4A13CA00AF49A6 /* OnBoarding */,
			);
			path = OnBording;
			sourceTree = "<group>";
		};
		6FE3182B2E4A13CA00AF49A6 /* OnBoarding */ = {
			isa = PBXGroup;
			children = (
				6FD79BA92C04DA800014739E /* OnboardingBase.swift */,
				6FE3182C2E4A13E100AF49A6 /* OnboardingPage1.swift */,
				6FE3182E2E4A13EE00AF49A6 /* OnboardingPage2.swift */,
				6FE318302E4A13F000AF49A6 /* OnboardingPage3.swift */,
			);
			path = OnBoarding;
			sourceTree = "<group>";
		};
		6FE318322E4A14AE00AF49A6 /* OnBoardingViewModel */ = {
			isa = PBXGroup;
			children = (
				6FE318332E4A15ED00AF49A6 /* OnBoardingViewModel.swift */,
			);
			path = OnBoardingViewModel;
			sourceTree = "<group>";
		};
		6FE318352E4A181C00AF49A6 /* Components */ = {
			isa = PBXGroup;
			children = (
				6FB51FBA2C048FA400BBCD52 /* LoadingView.swift */,
			);
			path = Components;
			sourceTree = "<group>";
		};
		CFEC5C0D2BEE5337004FCA4C = {
			isa = PBXGroup;
			children = (
				CFEC5C182BEE5337004FCA4C /* Turismo_Manaus */,
				CFEC5C172BEE5337004FCA4C /* Products */,
			);
			sourceTree = "<group>";
		};
		CFEC5C172BEE5337004FCA4C /* Products */ = {
			isa = PBXGroup;
			children = (
				CFEC5C162BEE5337004FCA4C /* Simbora Manaus.app */,
			);
			name = Products;
			sourceTree = "<group>";
		};
		CFEC5C182BEE5337004FCA4C /* Turismo_Manaus */ = {
			isa = PBXGroup;
			children = (
				6F0E80E62BEE899800D2A8F5 /* Config */,
				6FE318272E4A13AB00AF49A6 /* Presentation */,
				6FD4C0332E35092200DCC0D0 /* Data */,
				D3E2FB6E2BFB487B0004D211 /* Managers */,
				D36259D22BF6FB90008A2ADD /* Turismo-Manaus-Info.plist */,
				D36259D12BF6FB14008A2ADD /* Turismo_Manaus.entitlements */,
				D339403F2BF3D1B600A26AAB /* Turismo_ManausDebug.entitlements */,
				6F0E80E52BEE899000D2A8F5 /* Models */,
				D30EFD592C01CAC90035C371 /* Components */,
				CFEC5C1D2BEE5338004FCA4C /* Assets.xcassets */,
				CFEC5C1F2BEE5338004FCA4C /* Preview Content */,
			);
			path = Turismo_Manaus;
			sourceTree = "<group>";
		};
		CFEC5C1F2BEE5338004FCA4C /* Preview Content */ = {
			isa = PBXGroup;
			children = (
				CFEC5C202BEE5338004FCA4C /* Preview Assets.xcassets */,
			);
			path = "Preview Content";
			sourceTree = "<group>";
		};
		D30EFD592C01CAC90035C371 /* Components */ = {
			isa = PBXGroup;
			children = (
				6FD4C0412E352CB100DCC0D0 /* Carrossel */,
				D352D8DB2BFF69AC001D617A /* ChallengeCard.swift */,
				6F1773BB2BF3C15F00CA8A63 /* TabBar.swift */,
				6F79CAFE2BF2827D0038090E /* FilterView.swift */,
			);
			path = Components;
			sourceTree = "<group>";
		};
		D3E2FB6E2BFB487B0004D211 /* Managers */ = {
			isa = PBXGroup;
			children = (
				D3E2FB6F2BFB48910004D211 /* LocationManager.swift */,
			);
			path = Managers;
			sourceTree = "<group>";
		};
/* End PBXGroup section */

/* Begin PBXNativeTarget section */
		CFEC5C152BEE5337004FCA4C /* Simbora Manaus */ = {
			isa = PBXNativeTarget;
			buildConfigurationList = CFEC5C242BEE5338004FCA4C /* Build configuration list for PBXNativeTarget "Simbora Manaus" */;
			buildPhases = (
				CFEC5C122BEE5337004FCA4C /* Sources */,
				CFEC5C132BEE5337004FCA4C /* Frameworks */,
				CFEC5C142BEE5337004FCA4C /* Resources */,
			);
			buildRules = (
			);
			dependencies = (
			);
			name = "Simbora Manaus";
			productName = Turismo_Manaus;
			productReference = CFEC5C162BEE5337004FCA4C /* Simbora Manaus.app */;
			productType = "com.apple.product-type.application";
		};
/* End PBXNativeTarget section */

/* Begin PBXProject section */
		CFEC5C0E2BEE5337004FCA4C /* Project object */ = {
			isa = PBXProject;
			attributes = {
				BuildIndependentTargetsInParallel = 1;
				LastSwiftUpdateCheck = 1520;
				LastUpgradeCheck = 1520;
				TargetAttributes = {
					CFEC5C152BEE5337004FCA4C = {
						CreatedOnToolsVersion = 15.2;
					};
				};
			};
			buildConfigurationList = CFEC5C112BEE5337004FCA4C /* Build configuration list for PBXProject "Simbora Manaus" */;
			compatibilityVersion = "Xcode 14.0";
			developmentRegion = en;
			hasScannedForEncodings = 0;
			knownRegions = (
				en,
				Base,
			);
			mainGroup = CFEC5C0D2BEE5337004FCA4C;
			productRefGroup = CFEC5C172BEE5337004FCA4C /* Products */;
			projectDirPath = "";
			projectRoot = "";
			targets = (
				CFEC5C152BEE5337004FCA4C /* Simbora Manaus */,
			);
		};
/* End PBXProject section */

/* Begin PBXResourcesBuildPhase section */
		CFEC5C142BEE5337004FCA4C /* Resources */ = {
			isa = PBXResourcesBuildPhase;
			buildActionMask = 2147483647;
			files = (
				CFEC5C212BEE5338004FCA4C /* Preview Assets.xcassets in Resources */,
				CFEC5C1E2BEE5338004FCA4C /* Assets.xcassets in Resources */,
			);
			runOnlyForDeploymentPostprocessing = 0;
		};
/* End PBXResourcesBuildPhase section */

/* Begin PBXSourcesBuildPhase section */
		CFEC5C122BEE5337004FCA4C /* Sources */ = {
			isa = PBXSourcesBuildPhase;
			buildActionMask = 2147483647;
			files = (
				D36259D02BF68DEE008A2ADD /* Persistence.swift in Sources */,
				6FD4C0402E3528C700DCC0D0 /* Prices.swift in Sources */,
				6F79CAFF2BF2827D0038090E /* FilterView.swift in Sources */,
				D3E2FB702BFB48910004D211 /* LocationManager.swift in Sources */,
				D3BA33B62BF68213000903C7 /* PontosDataModel.xcdatamodeld in Sources */,
				6FE318312E4A13F000AF49A6 /* OnboardingPage3.swift in Sources */,
				6FE3182F2E4A13EE00AF49A6 /* OnboardingPage2.swift in Sources */,
				D352D8EA2C0076F8001D617A /* ChallengeDescription.swift in Sources */,
				6FD79BAA2C04DA800014739E /* OnboardingBase.swift in Sources */,
				6FB51FB92C048F7500BBCD52 /* UI.swift in Sources */,
				6FD4C0472E352D0700DCC0D0 /* GradientRectangle.swift in Sources */,
				6FD4C0432E352CBE00DCC0D0 /* CardPointSelected.swift in Sources */,
				D352D8E22BFFD288001D617A /* HomeWithChallenge.swift in Sources */,
				6F97206C2BFBB4A4003A9578 /* Categories.swift in Sources */,
				6FD4C03E2E3528C600DCC0D0 /* Hours.swift in Sources */,
				D39DBB802C187E79002EAD0B /* Home.swift in Sources */,
				6FD4C0352E35094A00DCC0D0 /* PostosTuristicos.swift in Sources */,
				6FD4C03C2E3528C400DCC0D0 /* Distances.swift in Sources */,
				D352D8E02BFF8CB2001D617A /* IdString.swift in Sources */,
				D3AD233A2BFC3FAC00EDEF3C /* LocationViewModel.swift in Sources */,
				D352D8E82C00268E001D617A /* MyViewModel.swift in Sources */,
				6FE3182D2E4A13E100AF49A6 /* OnboardingPage1.swift in Sources */,
				D352D8DC2BFF69AC001D617A /* ChallengeCard.swift in Sources */,
				6F97206B2BFBB4A4003A9578 /* PontoTuristico.swift in Sources */,
				CFEC5C1A2BEE5337004FCA4C /* Turismo_ManausApp.swift in Sources */,
				6F1773BC2BF3C15F00CA8A63 /* TabBar.swift in Sources */,
				6F4DC4032BFBF9A50061B523 /* Carrossel.swift in Sources */,
				6FE318342E4A15F200AF49A6 /* OnBoardingViewModel.swift in Sources */,
				6FD4C0452E352CD300DCC0D0 /* CardPoint.swift in Sources */,
				6FB51FBB2C048FA400BBCD52 /* LoadingView.swift in Sources */,
			);
			runOnlyForDeploymentPostprocessing = 0;
		};
/* End PBXSourcesBuildPhase section */

/* Begin XCBuildConfiguration section */
		CFEC5C222BEE5338004FCA4C /* Debug */ = {
			isa = XCBuildConfiguration;
			buildSettings = {
				ALWAYS_SEARCH_USER_PATHS = NO;
				ASSETCATALOG_COMPILER_GENERATE_SWIFT_ASSET_SYMBOL_EXTENSIONS = YES;
				CLANG_ANALYZER_NONNULL = YES;
				CLANG_ANALYZER_NUMBER_OBJECT_CONVERSION = YES_AGGRESSIVE;
				CLANG_CXX_LANGUAGE_STANDARD = "gnu++20";
				CLANG_ENABLE_MODULES = YES;
				CLANG_ENABLE_OBJC_ARC = YES;
				CLANG_ENABLE_OBJC_WEAK = YES;
				CLANG_WARN_BLOCK_CAPTURE_AUTORELEASING = YES;
				CLANG_WARN_BOOL_CONVERSION = YES;
				CLANG_WARN_COMMA = YES;
				CLANG_WARN_CONSTANT_CONVERSION = YES;
				CLANG_WARN_DEPRECATED_OBJC_IMPLEMENTATIONS = YES;
				CLANG_WARN_DIRECT_OBJC_ISA_USAGE = YES_ERROR;
				CLANG_WARN_DOCUMENTATION_COMMENTS = YES;
				CLANG_WARN_EMPTY_BODY = YES;
				CLANG_WARN_ENUM_CONVERSION = YES;
				CLANG_WARN_INFINITE_RECURSION = YES;
				CLANG_WARN_INT_CONVERSION = YES;
				CLANG_WARN_NON_LITERAL_NULL_CONVERSION = YES;
				CLANG_WARN_OBJC_IMPLICIT_RETAIN_SELF = YES;
				CLANG_WARN_OBJC_LITERAL_CONVERSION = YES;
				CLANG_WARN_OBJC_ROOT_CLASS = YES_ERROR;
				CLANG_WARN_QUOTED_INCLUDE_IN_FRAMEWORK_HEADER = YES;
				CLANG_WARN_RANGE_LOOP_ANALYSIS = YES;
				CLANG_WARN_STRICT_PROTOTYPES = YES;
				CLANG_WARN_SUSPICIOUS_MOVE = YES;
				CLANG_WARN_UNGUARDED_AVAILABILITY = YES_AGGRESSIVE;
				CLANG_WARN_UNREACHABLE_CODE = YES;
				CLANG_WARN__DUPLICATE_METHOD_MATCH = YES;
				COPY_PHASE_STRIP = NO;
				DEBUG_INFORMATION_FORMAT = dwarf;
				ENABLE_STRICT_OBJC_MSGSEND = YES;
				ENABLE_TESTABILITY = YES;
				ENABLE_USER_SCRIPT_SANDBOXING = YES;
				GCC_C_LANGUAGE_STANDARD = gnu17;
				GCC_DYNAMIC_NO_PIC = NO;
				GCC_NO_COMMON_BLOCKS = YES;
				GCC_OPTIMIZATION_LEVEL = 0;
				GCC_PREPROCESSOR_DEFINITIONS = (
					"DEBUG=1",
					"$(inherited)",
				);
				GCC_WARN_64_TO_32_BIT_CONVERSION = YES;
				GCC_WARN_ABOUT_RETURN_TYPE = YES_ERROR;
				GCC_WARN_UNDECLARED_SELECTOR = YES;
				GCC_WARN_UNINITIALIZED_AUTOS = YES_AGGRESSIVE;
				GCC_WARN_UNUSED_FUNCTION = YES;
				GCC_WARN_UNUSED_VARIABLE = YES;
				IPHONEOS_DEPLOYMENT_TARGET = 17.2;
				LOCALIZATION_PREFERS_STRING_CATALOGS = YES;
				MTL_ENABLE_DEBUG_INFO = INCLUDE_SOURCE;
				MTL_FAST_MATH = YES;
				ONLY_ACTIVE_ARCH = YES;
				SDKROOT = iphoneos;
				SWIFT_ACTIVE_COMPILATION_CONDITIONS = "DEBUG $(inherited)";
				SWIFT_OPTIMIZATION_LEVEL = "-Onone";
			};
			name = Debug;
		};
		CFEC5C232BEE5338004FCA4C /* Release */ = {
			isa = XCBuildConfiguration;
			buildSettings = {
				ALWAYS_SEARCH_USER_PATHS = NO;
				ASSETCATALOG_COMPILER_GENERATE_SWIFT_ASSET_SYMBOL_EXTENSIONS = YES;
				CLANG_ANALYZER_NONNULL = YES;
				CLANG_ANALYZER_NUMBER_OBJECT_CONVERSION = YES_AGGRESSIVE;
				CLANG_CXX_LANGUAGE_STANDARD = "gnu++20";
				CLANG_ENABLE_MODULES = YES;
				CLANG_ENABLE_OBJC_ARC = YES;
				CLANG_ENABLE_OBJC_WEAK = YES;
				CLANG_WARN_BLOCK_CAPTURE_AUTORELEASING = YES;
				CLANG_WARN_BOOL_CONVERSION = YES;
				CLANG_WARN_COMMA = YES;
				CLANG_WARN_CONSTANT_CONVERSION = YES;
				CLANG_WARN_DEPRECATED_OBJC_IMPLEMENTATIONS = YES;
				CLANG_WARN_DIRECT_OBJC_ISA_USAGE = YES_ERROR;
				CLANG_WARN_DOCUMENTATION_COMMENTS = YES;
				CLANG_WARN_EMPTY_BODY = YES;
				CLANG_WARN_ENUM_CONVERSION = YES;
				CLANG_WARN_INFINITE_RECURSION = YES;
				CLANG_WARN_INT_CONVERSION = YES;
				CLANG_WARN_NON_LITERAL_NULL_CONVERSION = YES;
				CLANG_WARN_OBJC_IMPLICIT_RETAIN_SELF = YES;
				CLANG_WARN_OBJC_LITERAL_CONVERSION = YES;
				CLANG_WARN_OBJC_ROOT_CLASS = YES_ERROR;
				CLANG_WARN_QUOTED_INCLUDE_IN_FRAMEWORK_HEADER = YES;
				CLANG_WARN_RANGE_LOOP_ANALYSIS = YES;
				CLANG_WARN_STRICT_PROTOTYPES = YES;
				CLANG_WARN_SUSPICIOUS_MOVE = YES;
				CLANG_WARN_UNGUARDED_AVAILABILITY = YES_AGGRESSIVE;
				CLANG_WARN_UNREACHABLE_CODE = YES;
				CLANG_WARN__DUPLICATE_METHOD_MATCH = YES;
				COPY_PHASE_STRIP = NO;
				DEBUG_INFORMATION_FORMAT = "dwarf-with-dsym";
				ENABLE_NS_ASSERTIONS = NO;
				ENABLE_STRICT_OBJC_MSGSEND = YES;
				ENABLE_USER_SCRIPT_SANDBOXING = YES;
				GCC_C_LANGUAGE_STANDARD = gnu17;
				GCC_NO_COMMON_BLOCKS = YES;
				GCC_WARN_64_TO_32_BIT_CONVERSION = YES;
				GCC_WARN_ABOUT_RETURN_TYPE = YES_ERROR;
				GCC_WARN_UNDECLARED_SELECTOR = YES;
				GCC_WARN_UNINITIALIZED_AUTOS = YES_AGGRESSIVE;
				GCC_WARN_UNUSED_FUNCTION = YES;
				GCC_WARN_UNUSED_VARIABLE = YES;
				IPHONEOS_DEPLOYMENT_TARGET = 17.2;
				LOCALIZATION_PREFERS_STRING_CATALOGS = YES;
				MTL_ENABLE_DEBUG_INFO = NO;
				MTL_FAST_MATH = YES;
				SDKROOT = iphoneos;
				SWIFT_COMPILATION_MODE = wholemodule;
				VALIDATE_PRODUCT = YES;
			};
			name = Release;
		};
		CFEC5C252BEE5338004FCA4C /* Debug */ = {
			isa = XCBuildConfiguration;
			buildSettings = {
				ASSETCATALOG_COMPILER_APPICON_NAME = AppIcon;
				ASSETCATALOG_COMPILER_GLOBAL_ACCENT_COLOR_NAME = AccentColor;
				CODE_SIGN_ENTITLEMENTS = Turismo_Manaus/Turismo_ManausDebug.entitlements;
				CODE_SIGN_STYLE = Automatic;
				CURRENT_PROJECT_VERSION = 1;
				DEVELOPMENT_ASSET_PATHS = "\"Turismo_Manaus/Preview Content\"";
				DEVELOPMENT_TEAM = 4XY84J5345;
				ENABLE_PREVIEWS = YES;
				GENERATE_INFOPLIST_FILE = YES;
				INFOPLIST_FILE = "Turismo-Manaus-Info.plist";
				INFOPLIST_KEY_NSLocationWhenInUseUsageDescription = "Autorize para validarmos suas idas aos locais!";
				INFOPLIST_KEY_UIApplicationSceneManifest_Generation = YES;
				INFOPLIST_KEY_UIApplicationSupportsIndirectInputEvents = YES;
				INFOPLIST_KEY_UILaunchScreen_Generation = YES;
				INFOPLIST_KEY_UISupportedInterfaceOrientations_iPad = "UIInterfaceOrientationPortrait UIInterfaceOrientationPortraitUpsideDown UIInterfaceOrientationLandscapeLeft UIInterfaceOrientationLandscapeRight";
				INFOPLIST_KEY_UISupportedInterfaceOrientations_iPhone = "UIInterfaceOrientationPortrait UIInterfaceOrientationLandscapeLeft UIInterfaceOrientationLandscapeRight";
				LD_RUNPATH_SEARCH_PATHS = (
					"$(inherited)",
					"@executable_path/Frameworks",
				);
				MARKETING_VERSION = 1.0;
				PRODUCT_BUNDLE_IDENTIFIER = net.idserve.emao.SimboraManaus;
				PRODUCT_NAME = "$(TARGET_NAME)";
				SUPPORTED_PLATFORMS = "iphoneos iphonesimulator";
				SUPPORTS_MACCATALYST = NO;
				SUPPORTS_MAC_DESIGNED_FOR_IPHONE_IPAD = NO;
				SUPPORTS_XR_DESIGNED_FOR_IPHONE_IPAD = NO;
				SWIFT_EMIT_LOC_STRINGS = YES;
				SWIFT_VERSION = 5.0;
				TARGETED_DEVICE_FAMILY = 1;
			};
			name = Debug;
		};
		CFEC5C262BEE5338004FCA4C /* Release */ = {
			isa = XCBuildConfiguration;
			buildSettings = {
				ASSETCATALOG_COMPILER_APPICON_NAME = AppIcon;
				ASSETCATALOG_COMPILER_GLOBAL_ACCENT_COLOR_NAME = AccentColor;
				CODE_SIGN_ENTITLEMENTS = Turismo_Manaus/Turismo_Manaus.entitlements;
				CODE_SIGN_STYLE = Automatic;
				CURRENT_PROJECT_VERSION = 1;
				DEVELOPMENT_ASSET_PATHS = "\"Turismo_Manaus/Preview Content\"";
				DEVELOPMENT_TEAM = 4XY84J5345;
				ENABLE_PREVIEWS = YES;
				GENERATE_INFOPLIST_FILE = YES;
				INFOPLIST_FILE = "Turismo-Manaus-Info.plist";
				INFOPLIST_KEY_NSLocationWhenInUseUsageDescription = "Autorize para validarmos suas idas aos locais!";
				INFOPLIST_KEY_UIApplicationSceneManifest_Generation = YES;
				INFOPLIST_KEY_UIApplicationSupportsIndirectInputEvents = YES;
				INFOPLIST_KEY_UILaunchScreen_Generation = YES;
				INFOPLIST_KEY_UISupportedInterfaceOrientations_iPad = "UIInterfaceOrientationPortrait UIInterfaceOrientationPortraitUpsideDown UIInterfaceOrientationLandscapeLeft UIInterfaceOrientationLandscapeRight";
				INFOPLIST_KEY_UISupportedInterfaceOrientations_iPhone = "UIInterfaceOrientationPortrait UIInterfaceOrientationLandscapeLeft UIInterfaceOrientationLandscapeRight";
				LD_RUNPATH_SEARCH_PATHS = (
					"$(inherited)",
					"@executable_path/Frameworks",
				);
				MARKETING_VERSION = 1.0;
				PRODUCT_BUNDLE_IDENTIFIER = net.idserve.emao.SimboraManaus;
				PRODUCT_NAME = "$(TARGET_NAME)";
				SUPPORTED_PLATFORMS = "iphoneos iphonesimulator";
				SUPPORTS_MACCATALYST = NO;
				SUPPORTS_MAC_DESIGNED_FOR_IPHONE_IPAD = NO;
				SUPPORTS_XR_DESIGNED_FOR_IPHONE_IPAD = NO;
				SWIFT_EMIT_LOC_STRINGS = YES;
				SWIFT_VERSION = 5.0;
				TARGETED_DEVICE_FAMILY = 1;
			};
			name = Release;
		};
/* End XCBuildConfiguration section */

/* Begin XCConfigurationList section */
		CFEC5C112BEE5337004FCA4C /* Build configuration list for PBXProject "Simbora Manaus" */ = {
			isa = XCConfigurationList;
			buildConfigurations = (
				CFEC5C222BEE5338004FCA4C /* Debug */,
				CFEC5C232BEE5338004FCA4C /* Release */,
			);
			defaultConfigurationIsVisible = 0;
			defaultConfigurationName = Release;
		};
		CFEC5C242BEE5338004FCA4C /* Build configuration list for PBXNativeTarget "Simbora Manaus" */ = {
			isa = XCConfigurationList;
			buildConfigurations = (
				CFEC5C252BEE5338004FCA4C /* Debug */,
				CFEC5C262BEE5338004FCA4C /* Release */,
			);
			defaultConfigurationIsVisible = 0;
			defaultConfigurationName = Release;
		};
/* End XCConfigurationList section */

/* Begin XCVersionGroup section */
		D3BA33B42BF68213000903C7 /* PontosDataModel.xcdatamodeld */ = {
			isa = XCVersionGroup;
			children = (
				D3BA33B52BF68213000903C7 /* PontosDataModel.xcdatamodel */,
			);
			currentVersion = D3BA33B52BF68213000903C7 /* PontosDataModel.xcdatamodel */;
			path = PontosDataModel.xcdatamodeld;
			sourceTree = "<group>";
			versionGroupType = wrapper.xcdatamodel;
		};
/* End XCVersionGroup section */
	};
	rootObject = CFEC5C0E2BEE5337004FCA4C /* Project object */;
}
